
Microsoft Visual Studio Solution File, Format Version 12.00
# Visual Studio 14
VisualStudioVersion = 14.0.24720.0
MinimumVisualStudioVersion = 10.0.40219.1
Project("{FAE04EC0-301F-11D3-BF4B-00C04F79EFBC}") = "SyncomaniaSolver", "SyncomaniaSolver.csproj", "{551D5140-2CDC-461C-B1AF-CE44661FFD1D}"
EndProject
Project("{FAE04EC0-301F-11D3-BF4B-00C04F79EFBC}") = "SyncomaniaSolverTests", "SyncomaniaSolverTests.csproj", "{A1ADBF54-8BD6-4523-BAFD-525CAB26BBB1}"
EndProject
Project("{FAE04EC0-301F-11D3-BF4B-00C04F79EFBC}") = "WebService", "Web\Service\WebService.csproj", "{126F3580-BB1D-44B7-B80F-F7BB8A1C464E}"
EndProject
Project("{FAE04EC0-301F-11D3-BF4B-00C04F79EFBC}") = "LevelRecognitor", "LevelRecognitor\LevelRecognitor.csproj", "{E77F3D50-E6AB-428E-9ED4-EA78BF09D846}"
EndProject
Project("{FAE04EC0-301F-11D3-BF4B-00C04F79EFBC}") = "App.Droid", "App\App.Droid\App.Droid.csproj", "{6E4321EB-C7BB-4CA3-A786-FF61DF3D65C6}"
EndProject
Project("{FAE04EC0-301F-11D3-BF4B-00C04F79EFBC}") = "App.iOS", "App\App.iOS\App.iOS.csproj", "{775754B0-70E9-4AF2-AE6E-2525AB64AEA8}"
EndProject
Project("{FAE04EC0-301F-11D3-BF4B-00C04F79EFBC}") = "App", "App\App\App.csproj", "{5D4D182F-F29E-4F5D-8853-A9D73F1C026A}"
EndProject
Global
	GlobalSection(Performance) = preSolution
		HasPerformanceSessions = true
	EndGlobalSection
	GlobalSection(SolutionConfigurationPlatforms) = preSolution
		Debug|Any CPU = Debug|Any CPU
		Debug|iPhone = Debug|iPhone
		Debug|iPhoneSimulator = Debug|iPhoneSimulator
		Release|Any CPU = Release|Any CPU
		Release|iPhone = Release|iPhone
		Release|iPhoneSimulator = Release|iPhoneSimulator
	EndGlobalSection
	GlobalSection(ProjectConfigurationPlatforms) = postSolution
		{551D5140-2CDC-461C-B1AF-CE44661FFD1D}.Debug|Any CPU.ActiveCfg = Debug|Any CPU
		{551D5140-2CDC-461C-B1AF-CE44661FFD1D}.Debug|Any CPU.Build.0 = Debug|Any CPU
		{551D5140-2CDC-461C-B1AF-CE44661FFD1D}.Debug|iPhone.ActiveCfg = Debug|Any CPU
		{551D5140-2CDC-461C-B1AF-CE44661FFD1D}.Debug|iPhone.Build.0 = Debug|Any CPU
		{551D5140-2CDC-461C-B1AF-CE44661FFD1D}.Debug|iPhoneSimulator.ActiveCfg = Debug|Any CPU
		{551D5140-2CDC-461C-B1AF-CE44661FFD1D}.Debug|iPhoneSimulator.Build.0 = Debug|Any CPU
		{551D5140-2CDC-461C-B1AF-CE44661FFD1D}.Release|Any CPU.ActiveCfg = Release|Any CPU
		{551D5140-2CDC-461C-B1AF-CE44661FFD1D}.Release|Any CPU.Build.0 = Release|Any CPU
		{551D5140-2CDC-461C-B1AF-CE44661FFD1D}.Release|iPhone.ActiveCfg = Release|Any CPU
		{551D5140-2CDC-461C-B1AF-CE44661FFD1D}.Release|iPhone.Build.0 = Release|Any CPU
		{551D5140-2CDC-461C-B1AF-CE44661FFD1D}.Release|iPhoneSimulator.ActiveCfg = Release|Any CPU
		{551D5140-2CDC-461C-B1AF-CE44661FFD1D}.Release|iPhoneSimulator.Build.0 = Release|Any CPU
		{A1ADBF54-8BD6-4523-BAFD-525CAB26BBB1}.Debug|Any CPU.ActiveCfg = Debug|Any CPU
		{A1ADBF54-8BD6-4523-BAFD-525CAB26BBB1}.Debug|Any CPU.Build.0 = Debug|Any CPU
		{A1ADBF54-8BD6-4523-BAFD-525CAB26BBB1}.Debug|iPhone.ActiveCfg = Debug|Any CPU
		{A1ADBF54-8BD6-4523-BAFD-525CAB26BBB1}.Debug|iPhone.Build.0 = Debug|Any CPU
		{A1ADBF54-8BD6-4523-BAFD-525CAB26BBB1}.Debug|iPhoneSimulator.ActiveCfg = Debug|Any CPU
		{A1ADBF54-8BD6-4523-BAFD-525CAB26BBB1}.Debug|iPhoneSimulator.Build.0 = Debug|Any CPU
		{A1ADBF54-8BD6-4523-BAFD-525CAB26BBB1}.Release|Any CPU.ActiveCfg = Release|Any CPU
		{A1ADBF54-8BD6-4523-BAFD-525CAB26BBB1}.Release|Any CPU.Build.0 = Release|Any CPU
		{A1ADBF54-8BD6-4523-BAFD-525CAB26BBB1}.Release|iPhone.ActiveCfg = Release|Any CPU
		{A1ADBF54-8BD6-4523-BAFD-525CAB26BBB1}.Release|iPhone.Build.0 = Release|Any CPU
		{A1ADBF54-8BD6-4523-BAFD-525CAB26BBB1}.Release|iPhoneSimulator.ActiveCfg = Release|Any CPU
		{A1ADBF54-8BD6-4523-BAFD-525CAB26BBB1}.Release|iPhoneSimulator.Build.0 = Release|Any CPU
		{126F3580-BB1D-44B7-B80F-F7BB8A1C464E}.Debug|Any CPU.ActiveCfg = Debug|Any CPU
		{126F3580-BB1D-44B7-B80F-F7BB8A1C464E}.Debug|Any CPU.Build.0 = Debug|Any CPU
		{126F3580-BB1D-44B7-B80F-F7BB8A1C464E}.Debug|iPhone.ActiveCfg = Debug|Any CPU
		{126F3580-BB1D-44B7-B80F-F7BB8A1C464E}.Debug|iPhone.Build.0 = Debug|Any CPU
		{126F3580-BB1D-44B7-B80F-F7BB8A1C464E}.Debug|iPhoneSimulator.ActiveCfg = Debug|Any CPU
		{126F3580-BB1D-44B7-B80F-F7BB8A1C464E}.Debug|iPhoneSimulator.Build.0 = Debug|Any CPU
		{126F3580-BB1D-44B7-B80F-F7BB8A1C464E}.Release|Any CPU.ActiveCfg = Release|Any CPU
		{126F3580-BB1D-44B7-B80F-F7BB8A1C464E}.Release|Any CPU.Build.0 = Release|Any CPU
		{126F3580-BB1D-44B7-B80F-F7BB8A1C464E}.Release|iPhone.ActiveCfg = Release|Any CPU
		{126F3580-BB1D-44B7-B80F-F7BB8A1C464E}.Release|iPhone.Build.0 = Release|Any CPU
		{126F3580-BB1D-44B7-B80F-F7BB8A1C464E}.Release|iPhoneSimulator.ActiveCfg = Release|Any CPU
		{126F3580-BB1D-44B7-B80F-F7BB8A1C464E}.Release|iPhoneSimulator.Build.0 = Release|Any CPU
		{E77F3D50-E6AB-428E-9ED4-EA78BF09D846}.Debug|Any CPU.ActiveCfg = Debug|Any CPU
		{E77F3D50-E6AB-428E-9ED4-EA78BF09D846}.Debug|Any CPU.Build.0 = Debug|Any CPU
		{E77F3D50-E6AB-428E-9ED4-EA78BF09D846}.Debug|iPhone.ActiveCfg = Debug|Any CPU
		{E77F3D50-E6AB-428E-9ED4-EA78BF09D846}.Debug|iPhone.Build.0 = Debug|Any CPU
		{E77F3D50-E6AB-428E-9ED4-EA78BF09D846}.Debug|iPhoneSimulator.ActiveCfg = Debug|Any CPU
		{E77F3D50-E6AB-428E-9ED4-EA78BF09D846}.Debug|iPhoneSimulator.Build.0 = Debug|Any CPU
		{E77F3D50-E6AB-428E-9ED4-EA78BF09D846}.Release|Any CPU.ActiveCfg = Release|Any CPU
		{E77F3D50-E6AB-428E-9ED4-EA78BF09D846}.Release|Any CPU.Build.0 = Release|Any CPU
		{E77F3D50-E6AB-428E-9ED4-EA78BF09D846}.Release|iPhone.ActiveCfg = Release|Any CPU
		{E77F3D50-E6AB-428E-9ED4-EA78BF09D846}.Release|iPhone.Build.0 = Release|Any CPU
		{E77F3D50-E6AB-428E-9ED4-EA78BF09D846}.Release|iPhoneSimulator.ActiveCfg = Release|Any CPU
		{E77F3D50-E6AB-428E-9ED4-EA78BF09D846}.Release|iPhoneSimulator.Build.0 = Release|Any CPU
		{6E4321EB-C7BB-4CA3-A786-FF61DF3D65C6}.Debug|Any CPU.ActiveCfg = Debug|Any CPU
		{6E4321EB-C7BB-4CA3-A786-FF61DF3D65C6}.Debug|Any CPU.Build.0 = Debug|Any CPU
		{6E4321EB-C7BB-4CA3-A786-FF61DF3D65C6}.Debug|Any CPU.Deploy.0 = Debug|Any CPU
		{6E4321EB-C7BB-4CA3-A786-FF61DF3D65C6}.Debug|iPhone.ActiveCfg = Debug|Any CPU
		{6E4321EB-C7BB-4CA3-A786-FF61DF3D65C6}.Debug|iPhone.Build.0 = Debug|Any CPU
		{6E4321EB-C7BB-4CA3-A786-FF61DF3D65C6}.Debug|iPhone.Deploy.0 = Debug|Any CPU
		{6E4321EB-C7BB-4CA3-A786-FF61DF3D65C6}.Debug|iPhoneSimulator.ActiveCfg = Debug|Any CPU
		{6E4321EB-C7BB-4CA3-A786-FF61DF3D65C6}.Debug|iPhoneSimulator.Build.0 = Debug|Any CPU
		{6E4321EB-C7BB-4CA3-A786-FF61DF3D65C6}.Debug|iPhoneSimulator.Deploy.0 = Debug|Any CPU
		{6E4321EB-C7BB-4CA3-A786-FF61DF3D65C6}.Release|Any CPU.ActiveCfg = Release|Any CPU
		{6E4321EB-C7BB-4CA3-A786-FF61DF3D65C6}.Release|Any CPU.Build.0 = Release|Any CPU
		{6E4321EB-C7BB-4CA3-A786-FF61DF3D65C6}.Release|Any CPU.Deploy.0 = Release|Any CPU
		{6E4321EB-C7BB-4CA3-A786-FF61DF3D65C6}.Release|iPhone.ActiveCfg = Release|Any CPU
		{6E4321EB-C7BB-4CA3-A786-FF61DF3D65C6}.Release|iPhone.Build.0 = Release|Any CPU
		{6E4321EB-C7BB-4CA3-A786-FF61DF3D65C6}.Release|iPhone.Deploy.0 = Release|Any CPU
		{6E4321EB-C7BB-4CA3-A786-FF61DF3D65C6}.Release|iPhoneSimulator.ActiveCfg = Release|Any CPU
		{6E4321EB-C7BB-4CA3-A786-FF61DF3D65C6}.Release|iPhoneSimulator.Build.0 = Release|Any CPU
		{6E4321EB-C7BB-4CA3-A786-FF61DF3D65C6}.Release|iPhoneSimulator.Deploy.0 = Release|Any CPU
		{775754B0-70E9-4AF2-AE6E-2525AB64AEA8}.Debug|Any CPU.ActiveCfg = Debug|iPhone
		{775754B0-70E9-4AF2-AE6E-2525AB64AEA8}.Debug|iPhone.ActiveCfg = Debug|iPhone
		{775754B0-70E9-4AF2-AE6E-2525AB64AEA8}.Debug|iPhone.Build.0 = Debug|iPhone
		{775754B0-70E9-4AF2-AE6E-2525AB64AEA8}.Debug|iPhoneSimulator.ActiveCfg = Debug|iPhoneSimulator
		{775754B0-70E9-4AF2-AE6E-2525AB64AEA8}.Debug|iPhoneSimulator.Build.0 = Debug|iPhoneSimulator
		{775754B0-70E9-4AF2-AE6E-2525AB64AEA8}.Release|Any CPU.ActiveCfg = Release|iPhone
		{775754B0-70E9-4AF2-AE6E-2525AB64AEA8}.Release|iPhone.ActiveCfg = Release|iPhone
		{775754B0-70E9-4AF2-AE6E-2525AB64AEA8}.Release|iPhone.Build.0 = Release|iPhone
		{775754B0-70E9-4AF2-AE6E-2525AB64AEA8}.Release|iPhoneSimulator.ActiveCfg = Release|iPhoneSimulator
		{775754B0-70E9-4AF2-AE6E-2525AB64AEA8}.Release|iPhoneSimulator.Build.0 = Release|iPhoneSimulator
		{5D4D182F-F29E-4F5D-8853-A9D73F1C026A}.Debug|Any CPU.ActiveCfg = Debug|Any CPU
		{5D4D182F-F29E-4F5D-8853-A9D73F1C026A}.Debug|Any CPU.Build.0 = Debug|Any CPU
		{5D4D182F-F29E-4F5D-8853-A9D73F1C026A}.Debug|iPhone.ActiveCfg = Debug|Any CPU
		{5D4D182F-F29E-4F5D-8853-A9D73F1C026A}.Debug|iPhone.Build.0 = Debug|Any CPU
		{5D4D182F-F29E-4F5D-8853-A9D73F1C026A}.Debug|iPhoneSimulator.ActiveCfg = Debug|Any CPU
		{5D4D182F-F29E-4F5D-8853-A9D73F1C026A}.Debug|iPhoneSimulator.Build.0 = Debug|Any CPU
		{5D4D182F-F29E-4F5D-8853-A9D73F1C026A}.Release|Any CPU.ActiveCfg = Release|Any CPU
		{5D4D182F-F29E-4F5D-8853-A9D73F1C026A}.Release|Any CPU.Build.0 = Release|Any CPU
		{5D4D182F-F29E-4F5D-8853-A9D73F1C026A}.Release|iPhone.ActiveCfg = Release|Any CPU
		{5D4D182F-F29E-4F5D-8853-A9D73F1C026A}.Release|iPhone.Build.0 = Release|Any CPU
		{5D4D182F-F29E-4F5D-8853-A9D73F1C026A}.Release|iPhoneSimulator.ActiveCfg = Release|Any CPU
		{5D4D182F-F29E-4F5D-8853-A9D73F1C026A}.Release|iPhoneSimulator.Build.0 = Release|Any CPU
	EndGlobalSection
	GlobalSection(SolutionProperties) = preSolution
		HideSolutionNode = FALSE
	EndGlobalSection
EndGlobal
